
Microsoft Visual Studio Solution File, Format Version 12.00
# Visual Studio Version 16
VisualStudioVersion = 16.0.29920.165
MinimumVisualStudioVersion = 10.0.40219.1
Project("{FAE04EC0-301F-11D3-BF4B-00C04F79EFBC}") = "Lucilvio.Redis.Sample", "Lucilvio.Redis.Sample\Lucilvio.Redis.Sample.csproj", "{B0A699D6-B6AF-4C01-B521-576D9A1249BE}"
EndProject
Global
	GlobalSection(SolutionConfigurationPlatforms) = preSolution
		Debug|Any CPU = Debug|Any CPU
		Release|Any CPU = Release|Any CPU
	EndGlobalSection
	GlobalSection(ProjectConfigurationPlatforms) = postSolution
		{B0A699D6-B6AF-4C01-B521-576D9A1249BE}.Debug|Any CPU.ActiveCfg = Debug|Any CPU
		{B0A699D6-B6AF-4C01-B521-576D9A1249BE}.Debug|Any CPU.Build.0 = Debug|Any CPU
		{B0A699D6-B6AF-4C01-B521-576D9A1249BE}.Release|Any CPU.ActiveCfg = Release|Any CPU
		{B0A699D6-B6AF-4C01-B521-576D9A1249BE}.Release|Any CPU.Build.0 = Release|Any CPU
	EndGlobalSection
	GlobalSection(SolutionProperties) = preSolution
		HideSolutionNode = FALSE
	EndGlobalSection
	GlobalSection(ExtensibilityGlobals) = postSolution
		SolutionGuid = {16885E43-85A1-41A9-8085-E978E1667D4E}
	EndGlobalSection
EndGlobal
